
Microsoft Visual Studio Solution File, Format Version 12.00
Project("{FAE04EC0-301F-11D3-BF4B-00C04F79EFBC}") = "Rubiks", "Rubiks\Rubiks.csproj", "{FF235FAC-BB49-4FCC-B59E-FF42CD7FA7B5}"
EndProject
Project("{FAE04EC0-301F-11D3-BF4B-00C04F79EFBC}") = "Rubiks.Test", "Rubiks.Test\Rubiks.Test.csproj", "{F9108CEA-B0B3-421B-8FFA-4D46C7B1F5D0}"
EndProject
Global
	GlobalSection(SolutionConfigurationPlatforms) = preSolution
		Debug|Any CPU = Debug|Any CPU
		Release|Any CPU = Release|Any CPU
	EndGlobalSection
	GlobalSection(ProjectConfigurationPlatforms) = postSolution
		{FF235FAC-BB49-4FCC-B59E-FF42CD7FA7B5}.Debug|Any CPU.ActiveCfg = Debug|Any CPU
		{FF235FAC-BB49-4FCC-B59E-FF42CD7FA7B5}.Debug|Any CPU.Build.0 = Debug|Any CPU
		{FF235FAC-BB49-4FCC-B59E-FF42CD7FA7B5}.Release|Any CPU.ActiveCfg = Release|Any CPU
		{FF235FAC-BB49-4FCC-B59E-FF42CD7FA7B5}.Release|Any CPU.Build.0 = Release|Any CPU
		{F9108CEA-B0B3-421B-8FFA-4D46C7B1F5D0}.Debug|Any CPU.ActiveCfg = Debug|Any CPU
		{F9108CEA-B0B3-421B-8FFA-4D46C7B1F5D0}.Debug|Any CPU.Build.0 = Debug|Any CPU
		{F9108CEA-B0B3-421B-8FFA-4D46C7B1F5D0}.Release|Any CPU.ActiveCfg = Release|Any CPU
		{F9108CEA-B0B3-421B-8FFA-4D46C7B1F5D0}.Release|Any CPU.Build.0 = Release|Any CPU
	EndGlobalSection
EndGlobal
